// !$*UTF8*$!
{
	archiveVersion = 1;
	classes = {
	};
	objectVersion = 46;
	objects = {

/* Begin PBXBuildFile section */
		55FF4A1C1B4A954D000959AF /* AppDelegate.swift in Sources */ = {isa = PBXBuildFile; fileRef = 55FF4A1B1B4A954D000959AF /* AppDelegate.swift */; };
		55FF4A1E1B4A954D000959AF /* ViewController.swift in Sources */ = {isa = PBXBuildFile; fileRef = 55FF4A1D1B4A954D000959AF /* ViewController.swift */; };
		55FF4A211B4A954D000959AF /* Main.storyboard in Resources */ = {isa = PBXBuildFile; fileRef = 55FF4A1F1B4A954D000959AF /* Main.storyboard */; };
		55FF4A231B4A954D000959AF /* Assets.xcassets in Resources */ = {isa = PBXBuildFile; fileRef = 55FF4A221B4A954D000959AF /* Assets.xcassets */; };
		55FF4A261B4A954D000959AF /* LaunchScreen.storyboard in Resources */ = {isa = PBXBuildFile; fileRef = 55FF4A241B4A954D000959AF /* LaunchScreen.storyboard */; };
		55FF4A311B4A954D000959AF /* Table_TimesTests.swift in Sources */ = {isa = PBXBuildFile; fileRef = 55FF4A301B4A954D000959AF /* Table_TimesTests.swift */; };
		55FF4A361B4A954E000959AF /* Table Times WatchKit App.app in Embed Watch Content */ = {isa = PBXBuildFile; fileRef = 55FF4A351B4A954E000959AF /* Table Times WatchKit App.app */; };
		55FF4A3C1B4A954E000959AF /* Interface.storyboard in Resources */ = {isa = PBXBuildFile; fileRef = 55FF4A3A1B4A954E000959AF /* Interface.storyboard */; };
		55FF4A3E1B4A954E000959AF /* Assets.xcassets in Resources */ = {isa = PBXBuildFile; fileRef = 55FF4A3D1B4A954E000959AF /* Assets.xcassets */; };
		55FF4A451B4A954E000959AF /* Table Times WatchKit Extension.appex in Embed App Extensions */ = {isa = PBXBuildFile; fileRef = 55FF4A441B4A954E000959AF /* Table Times WatchKit Extension.appex */; settings = {ATTRIBUTES = (RemoveHeadersOnCopy, ); }; };
		55FF4A4C1B4A954E000959AF /* InterfaceController.swift in Sources */ = {isa = PBXBuildFile; fileRef = 55FF4A4B1B4A954E000959AF /* InterfaceController.swift */; };
		55FF4A4E1B4A954E000959AF /* ExtensionDelegate.swift in Sources */ = {isa = PBXBuildFile; fileRef = 55FF4A4D1B4A954E000959AF /* ExtensionDelegate.swift */; };
		55FF4A501B4A954E000959AF /* NotificationController.swift in Sources */ = {isa = PBXBuildFile; fileRef = 55FF4A4F1B4A954E000959AF /* NotificationController.swift */; };
		55FF4A521B4A954E000959AF /* Assets.xcassets in Resources */ = {isa = PBXBuildFile; fileRef = 55FF4A511B4A954E000959AF /* Assets.xcassets */; };
		55FF4A651B4A9675000959AF /* tableLabelRowController.swift in Sources */ = {isa = PBXBuildFile; fileRef = 55FF4A641B4A9675000959AF /* tableLabelRowController.swift */; };
/* End PBXBuildFile section */

/* Begin PBXContainerItemProxy section */
		55FF4A2D1B4A954D000959AF /* PBXContainerItemProxy */ = {
			isa = PBXContainerItemProxy;
			containerPortal = 55FF4A101B4A954D000959AF /* Project object */;
			proxyType = 1;
			remoteGlobalIDString = 55FF4A171B4A954D000959AF;
			remoteInfo = "Table Times";
		};
		55FF4A371B4A954E000959AF /* PBXContainerItemProxy */ = {
			isa = PBXContainerItemProxy;
			containerPortal = 55FF4A101B4A954D000959AF /* Project object */;
			proxyType = 1;
			remoteGlobalIDString = 55FF4A341B4A954E000959AF;
			remoteInfo = "Table Times WatchKit App";
		};
		55FF4A461B4A954E000959AF /* PBXContainerItemProxy */ = {
			isa = PBXContainerItemProxy;
			containerPortal = 55FF4A101B4A954D000959AF /* Project object */;
			proxyType = 1;
			remoteGlobalIDString = 55FF4A431B4A954E000959AF;
			remoteInfo = "Table Times WatchKit Extension";
		};
/* End PBXContainerItemProxy section */

/* Begin PBXCopyFilesBuildPhase section */
		55FF4A591B4A954E000959AF /* Embed App Extensions */ = {
			isa = PBXCopyFilesBuildPhase;
			buildActionMask = 2147483647;
			dstPath = "";
			dstSubfolderSpec = 13;
			files = (
				55FF4A451B4A954E000959AF /* Table Times WatchKit Extension.appex in Embed App Extensions */,
			);
			name = "Embed App Extensions";
			runOnlyForDeploymentPostprocessing = 0;
		};
		55FF4A5D1B4A954E000959AF /* Embed Watch Content */ = {
			isa = PBXCopyFilesBuildPhase;
			buildActionMask = 2147483647;
			dstPath = "$(CONTENTS_FOLDER_PATH)/Watch";
			dstSubfolderSpec = 16;
			files = (
				55FF4A361B4A954E000959AF /* Table Times WatchKit App.app in Embed Watch Content */,
			);
			name = "Embed Watch Content";
			runOnlyForDeploymentPostprocessing = 0;
		};
/* End PBXCopyFilesBuildPhase section */

/* Begin PBXFileReference section */
		55FF4A181B4A954D000959AF /* Table Times.app */ = {isa = PBXFileReference; explicitFileType = wrapper.application; includeInIndex = 0; path = "Table Times.app"; sourceTree = BUILT_PRODUCTS_DIR; };
		55FF4A1B1B4A954D000959AF /* AppDelegate.swift */ = {isa = PBXFileReference; lastKnownFileType = sourcecode.swift; path = AppDelegate.swift; sourceTree = "<group>"; };
		55FF4A1D1B4A954D000959AF /* ViewController.swift */ = {isa = PBXFileReference; lastKnownFileType = sourcecode.swift; path = ViewController.swift; sourceTree = "<group>"; };
		55FF4A201B4A954D000959AF /* Base */ = {isa = PBXFileReference; lastKnownFileType = file.storyboard; name = Base; path = Base.lproj/Main.storyboard; sourceTree = "<group>"; };
		55FF4A221B4A954D000959AF /* Assets.xcassets */ = {isa = PBXFileReference; lastKnownFileType = folder.assetcatalog; path = Assets.xcassets; sourceTree = "<group>"; };
		55FF4A251B4A954D000959AF /* Base */ = {isa = PBXFileReference; lastKnownFileType = file.storyboard; name = Base; path = Base.lproj/LaunchScreen.storyboard; sourceTree = "<group>"; };
		55FF4A271B4A954D000959AF /* Info.plist */ = {isa = PBXFileReference; lastKnownFileType = text.plist.xml; path = Info.plist; sourceTree = "<group>"; };
		55FF4A2C1B4A954D000959AF /* Table TimesTests.xctest */ = {isa = PBXFileReference; explicitFileType = wrapper.cfbundle; includeInIndex = 0; path = "Table TimesTests.xctest"; sourceTree = BUILT_PRODUCTS_DIR; };
		55FF4A301B4A954D000959AF /* Table_TimesTests.swift */ = {isa = PBXFileReference; lastKnownFileType = sourcecode.swift; path = Table_TimesTests.swift; sourceTree = "<group>"; };
		55FF4A321B4A954D000959AF /* Info.plist */ = {isa = PBXFileReference; lastKnownFileType = text.plist.xml; path = Info.plist; sourceTree = "<group>"; };
		55FF4A351B4A954E000959AF /* Table Times WatchKit App.app */ = {isa = PBXFileReference; explicitFileType = wrapper.application; includeInIndex = 0; path = "Table Times WatchKit App.app"; sourceTree = BUILT_PRODUCTS_DIR; };
		55FF4A3B1B4A954E000959AF /* Base */ = {isa = PBXFileReference; lastKnownFileType = file.storyboard; name = Base; path = Base.lproj/Interface.storyboard; sourceTree = "<group>"; };
		55FF4A3D1B4A954E000959AF /* Assets.xcassets */ = {isa = PBXFileReference; lastKnownFileType = folder.assetcatalog; path = Assets.xcassets; sourceTree = "<group>"; };
		55FF4A3F1B4A954E000959AF /* Info.plist */ = {isa = PBXFileReference; lastKnownFileType = text.plist.xml; path = Info.plist; sourceTree = "<group>"; };
		55FF4A441B4A954E000959AF /* Table Times WatchKit Extension.appex */ = {isa = PBXFileReference; explicitFileType = "wrapper.app-extension"; includeInIndex = 0; path = "Table Times WatchKit Extension.appex"; sourceTree = BUILT_PRODUCTS_DIR; };
		55FF4A4A1B4A954E000959AF /* PushNotificationPayload.apns */ = {isa = PBXFileReference; lastKnownFileType = text; path = PushNotificationPayload.apns; sourceTree = "<group>"; };
		55FF4A4B1B4A954E000959AF /* InterfaceController.swift */ = {isa = PBXFileReference; lastKnownFileType = sourcecode.swift; path = InterfaceController.swift; sourceTree = "<group>"; };
		55FF4A4D1B4A954E000959AF /* ExtensionDelegate.swift */ = {isa = PBXFileReference; lastKnownFileType = sourcecode.swift; path = ExtensionDelegate.swift; sourceTree = "<group>"; };
		55FF4A4F1B4A954E000959AF /* NotificationController.swift */ = {isa = PBXFileReference; lastKnownFileType = sourcecode.swift; path = NotificationController.swift; sourceTree = "<group>"; };
		55FF4A511B4A954E000959AF /* Assets.xcassets */ = {isa = PBXFileReference; lastKnownFileType = folder.assetcatalog; path = Assets.xcassets; sourceTree = "<group>"; };
		55FF4A531B4A954E000959AF /* Info.plist */ = {isa = PBXFileReference; lastKnownFileType = text.plist.xml; path = Info.plist; sourceTree = "<group>"; };
		55FF4A641B4A9675000959AF /* tableLabelRowController.swift */ = {isa = PBXFileReference; fileEncoding = 4; lastKnownFileType = sourcecode.swift; name = tableLabelRowController.swift; path = "../Table Times WatchKit App/tableLabelRowController.swift"; sourceTree = "<group>"; };
/* End PBXFileReference section */

/* Begin PBXFrameworksBuildPhase section */
		55FF4A151B4A954D000959AF /* Frameworks */ = {
			isa = PBXFrameworksBuildPhase;
			buildActionMask = 2147483647;
			files = (
			);
			runOnlyForDeploymentPostprocessing = 0;
		};
		55FF4A291B4A954D000959AF /* Frameworks */ = {
			isa = PBXFrameworksBuildPhase;
			buildActionMask = 2147483647;
			files = (
			);
			runOnlyForDeploymentPostprocessing = 0;
		};
		55FF4A411B4A954E000959AF /* Frameworks */ = {
			isa = PBXFrameworksBuildPhase;
			buildActionMask = 2147483647;
			files = (
			);
			runOnlyForDeploymentPostprocessing = 0;
		};
/* End PBXFrameworksBuildPhase section */

/* Begin PBXGroup section */
		55FF4A0F1B4A954D000959AF = {
			isa = PBXGroup;
			children = (
				55FF4A1A1B4A954D000959AF /* Table Times */,
				55FF4A2F1B4A954D000959AF /* Table TimesTests */,
				55FF4A391B4A954E000959AF /* Table Times WatchKit App */,
				55FF4A481B4A954E000959AF /* Table Times WatchKit Extension */,
				55FF4A191B4A954D000959AF /* Products */,
			);
			sourceTree = "<group>";
		};
		55FF4A191B4A954D000959AF /* Products */ = {
			isa = PBXGroup;
			children = (
				55FF4A181B4A954D000959AF /* Table Times.app */,
				55FF4A2C1B4A954D000959AF /* Table TimesTests.xctest */,
				55FF4A351B4A954E000959AF /* Table Times WatchKit App.app */,
				55FF4A441B4A954E000959AF /* Table Times WatchKit Extension.appex */,
			);
			name = Products;
			sourceTree = "<group>";
		};
		55FF4A1A1B4A954D000959AF /* Table Times */ = {
			isa = PBXGroup;
			children = (
				55FF4A1B1B4A954D000959AF /* AppDelegate.swift */,
				55FF4A1D1B4A954D000959AF /* ViewController.swift */,
				55FF4A1F1B4A954D000959AF /* Main.storyboard */,
				55FF4A221B4A954D000959AF /* Assets.xcassets */,
				55FF4A241B4A954D000959AF /* LaunchScreen.storyboard */,
				55FF4A271B4A954D000959AF /* Info.plist */,
			);
			path = "Table Times";
			sourceTree = "<group>";
		};
		55FF4A2F1B4A954D000959AF /* Table TimesTests */ = {
			isa = PBXGroup;
			children = (
				55FF4A301B4A954D000959AF /* Table_TimesTests.swift */,
				55FF4A321B4A954D000959AF /* Info.plist */,
			);
			path = "Table TimesTests";
			sourceTree = "<group>";
		};
		55FF4A391B4A954E000959AF /* Table Times WatchKit App */ = {
			isa = PBXGroup;
			children = (
				55FF4A3A1B4A954E000959AF /* Interface.storyboard */,
				55FF4A3D1B4A954E000959AF /* Assets.xcassets */,
				55FF4A3F1B4A954E000959AF /* Info.plist */,
			);
			path = "Table Times WatchKit App";
			sourceTree = "<group>";
		};
		55FF4A481B4A954E000959AF /* Table Times WatchKit Extension */ = {
			isa = PBXGroup;
			children = (
				55FF4A4B1B4A954E000959AF /* InterfaceController.swift */,
				55FF4A641B4A9675000959AF /* tableLabelRowController.swift */,
				55FF4A4D1B4A954E000959AF /* ExtensionDelegate.swift */,
				55FF4A4F1B4A954E000959AF /* NotificationController.swift */,
				55FF4A511B4A954E000959AF /* Assets.xcassets */,
				55FF4A531B4A954E000959AF /* Info.plist */,
				55FF4A491B4A954E000959AF /* Supporting Files */,
			);
			path = "Table Times WatchKit Extension";
			sourceTree = "<group>";
		};
		55FF4A491B4A954E000959AF /* Supporting Files */ = {
			isa = PBXGroup;
			children = (
				55FF4A4A1B4A954E000959AF /* PushNotificationPayload.apns */,
			);
			name = "Supporting Files";
			sourceTree = "<group>";
		};
/* End PBXGroup section */

/* Begin PBXNativeTarget section */
		55FF4A171B4A954D000959AF /* Table Times */ = {
			isa = PBXNativeTarget;
			buildConfigurationList = 55FF4A5E1B4A954E000959AF /* Build configuration list for PBXNativeTarget "Table Times" */;
			buildPhases = (
				55FF4A141B4A954D000959AF /* Sources */,
				55FF4A151B4A954D000959AF /* Frameworks */,
				55FF4A161B4A954D000959AF /* Resources */,
				55FF4A5D1B4A954E000959AF /* Embed Watch Content */,
			);
			buildRules = (
			);
			dependencies = (
				55FF4A381B4A954E000959AF /* PBXTargetDependency */,
			);
			name = "Table Times";
			productName = "Table Times";
			productReference = 55FF4A181B4A954D000959AF /* Table Times.app */;
			productType = "com.apple.product-type.application";
		};
		55FF4A2B1B4A954D000959AF /* Table TimesTests */ = {
			isa = PBXNativeTarget;
			buildConfigurationList = 55FF4A611B4A954E000959AF /* Build configuration list for PBXNativeTarget "Table TimesTests" */;
			buildPhases = (
				55FF4A281B4A954D000959AF /* Sources */,
				55FF4A291B4A954D000959AF /* Frameworks */,
				55FF4A2A1B4A954D000959AF /* Resources */,
			);
			buildRules = (
			);
			dependencies = (
				55FF4A2E1B4A954D000959AF /* PBXTargetDependency */,
			);
			name = "Table TimesTests";
			productName = "Table TimesTests";
			productReference = 55FF4A2C1B4A954D000959AF /* Table TimesTests.xctest */;
			productType = "com.apple.product-type.bundle.unit-test";
		};
		55FF4A341B4A954E000959AF /* Table Times WatchKit App */ = {
			isa = PBXNativeTarget;
			buildConfigurationList = 55FF4A5A1B4A954E000959AF /* Build configuration list for PBXNativeTarget "Table Times WatchKit App" */;
			buildPhases = (
				55FF4A331B4A954E000959AF /* Resources */,
				55FF4A591B4A954E000959AF /* Embed App Extensions */,
			);
			buildRules = (
			);
			dependencies = (
				55FF4A471B4A954E000959AF /* PBXTargetDependency */,
			);
			name = "Table Times WatchKit App";
			productName = "Table Times WatchKit App";
			productReference = 55FF4A351B4A954E000959AF /* Table Times WatchKit App.app */;
			productType = "com.apple.product-type.application.watchapp2";
		};
		55FF4A431B4A954E000959AF /* Table Times WatchKit Extension */ = {
			isa = PBXNativeTarget;
			buildConfigurationList = 55FF4A561B4A954E000959AF /* Build configuration list for PBXNativeTarget "Table Times WatchKit Extension" */;
			buildPhases = (
				55FF4A401B4A954E000959AF /* Sources */,
				55FF4A411B4A954E000959AF /* Frameworks */,
				55FF4A421B4A954E000959AF /* Resources */,
			);
			buildRules = (
			);
			dependencies = (
			);
			name = "Table Times WatchKit Extension";
			productName = "Table Times WatchKit Extension";
			productReference = 55FF4A441B4A954E000959AF /* Table Times WatchKit Extension.appex */;
			productType = "com.apple.product-type.watchkit2-extension";
		};
/* End PBXNativeTarget section */

/* Begin PBXProject section */
		55FF4A101B4A954D000959AF /* Project object */ = {
			isa = PBXProject;
			attributes = {
				LastUpgradeCheck = 0700;
				ORGANIZATIONNAME = "Jernej Mihalic";
				TargetAttributes = {
					55FF4A171B4A954D000959AF = {
						CreatedOnToolsVersion = 7.0;
					};
					55FF4A2B1B4A954D000959AF = {
						CreatedOnToolsVersion = 7.0;
						TestTargetID = 55FF4A171B4A954D000959AF;
					};
					55FF4A341B4A954E000959AF = {
						CreatedOnToolsVersion = 7.0;
					};
					55FF4A431B4A954E000959AF = {
						CreatedOnToolsVersion = 7.0;
					};
				};
			};
			buildConfigurationList = 55FF4A131B4A954D000959AF /* Build configuration list for PBXProject "Table Times" */;
			compatibilityVersion = "Xcode 3.2";
			developmentRegion = English;
			hasScannedForEncodings = 0;
			knownRegions = (
				en,
				Base,
			);
			mainGroup = 55FF4A0F1B4A954D000959AF;
			productRefGroup = 55FF4A191B4A954D000959AF /* Products */;
			projectDirPath = "";
			projectRoot = "";
			targets = (
				55FF4A171B4A954D000959AF /* Table Times */,
				55FF4A2B1B4A954D000959AF /* Table TimesTests */,
				55FF4A341B4A954E000959AF /* Table Times WatchKit App */,
				55FF4A431B4A954E000959AF /* Table Times WatchKit Extension */,
			);
		};
/* End PBXProject section */

/* Begin PBXResourcesBuildPhase section */
		55FF4A161B4A954D000959AF /* Resources */ = {
			isa = PBXResourcesBuildPhase;
			buildActionMask = 2147483647;
			files = (
				55FF4A261B4A954D000959AF /* LaunchScreen.storyboard in Resources */,
				55FF4A231B4A954D000959AF /* Assets.xcassets in Resources */,
				55FF4A211B4A954D000959AF /* Main.storyboard in Resources */,
			);
			runOnlyForDeploymentPostprocessing = 0;
		};
		55FF4A2A1B4A954D000959AF /* Resources */ = {
			isa = PBXResourcesBuildPhase;
			buildActionMask = 2147483647;
			files = (
			);
			runOnlyForDeploymentPostprocessing = 0;
		};
		55FF4A331B4A954E000959AF /* Resources */ = {
			isa = PBXResourcesBuildPhase;
			buildActionMask = 2147483647;
			files = (
				55FF4A3E1B4A954E000959AF /* Assets.xcassets in Resources */,
				55FF4A3C1B4A954E000959AF /* Interface.storyboard in Resources */,
			);
			runOnlyForDeploymentPostprocessing = 0;
		};
		55FF4A421B4A954E000959AF /* Resources */ = {
			isa = PBXResourcesBuildPhase;
			buildActionMask = 2147483647;
			files = (
				55FF4A521B4A954E000959AF /* Assets.xcassets in Resources */,
			);
			runOnlyForDeploymentPostprocessing = 0;
		};
/* End PBXResourcesBuildPhase section */

/* Begin PBXSourcesBuildPhase section */
		55FF4A141B4A954D000959AF /* Sources */ = {
			isa = PBXSourcesBuildPhase;
			buildActionMask = 2147483647;
			files = (
				55FF4A1E1B4A954D000959AF /* ViewController.swift in Sources */,
				55FF4A1C1B4A954D000959AF /* AppDelegate.swift in Sources */,
			);
			runOnlyForDeploymentPostprocessing = 0;
		};
		55FF4A281B4A954D000959AF /* Sources */ = {
			isa = PBXSourcesBuildPhase;
			buildActionMask = 2147483647;
			files = (
				55FF4A311B4A954D000959AF /* Table_TimesTests.swift in Sources */,
			);
			runOnlyForDeploymentPostprocessing = 0;
		};
		55FF4A401B4A954E000959AF /* Sources */ = {
			isa = PBXSourcesBuildPhase;
			buildActionMask = 2147483647;
			files = (
				55FF4A651B4A9675000959AF /* tableLabelRowController.swift in Sources */,
				55FF4A501B4A954E000959AF /* NotificationController.swift in Sources */,
				55FF4A4E1B4A954E000959AF /* ExtensionDelegate.swift in Sources */,
				55FF4A4C1B4A954E000959AF /* InterfaceController.swift in Sources */,
			);
			runOnlyForDeploymentPostprocessing = 0;
		};
/* End PBXSourcesBuildPhase section */

/* Begin PBXTargetDependency section */
		55FF4A2E1B4A954D000959AF /* PBXTargetDependency */ = {
			isa = PBXTargetDependency;
			target = 55FF4A171B4A954D000959AF /* Table Times */;
			targetProxy = 55FF4A2D1B4A954D000959AF /* PBXContainerItemProxy */;
		};
		55FF4A381B4A954E000959AF /* PBXTargetDependency */ = {
			isa = PBXTargetDependency;
			target = 55FF4A341B4A954E000959AF /* Table Times WatchKit App */;
			targetProxy = 55FF4A371B4A954E000959AF /* PBXContainerItemProxy */;
		};
		55FF4A471B4A954E000959AF /* PBXTargetDependency */ = {
			isa = PBXTargetDependency;
			target = 55FF4A431B4A954E000959AF /* Table Times WatchKit Extension */;
			targetProxy = 55FF4A461B4A954E000959AF /* PBXContainerItemProxy */;
		};
/* End PBXTargetDependency section */

/* Begin PBXVariantGroup section */
		55FF4A1F1B4A954D000959AF /* Main.storyboard */ = {
			isa = PBXVariantGroup;
			children = (
				55FF4A201B4A954D000959AF /* Base */,
			);
			name = Main.storyboard;
			sourceTree = "<group>";
		};
		55FF4A241B4A954D000959AF /* LaunchScreen.storyboard */ = {
			isa = PBXVariantGroup;
			children = (
				55FF4A251B4A954D000959AF /* Base */,
			);
			name = LaunchScreen.storyboard;
			sourceTree = "<group>";
		};
		55FF4A3A1B4A954E000959AF /* Interface.storyboard */ = {
			isa = PBXVariantGroup;
			children = (
				55FF4A3B1B4A954E000959AF /* Base */,
			);
			name = Interface.storyboard;
			sourceTree = "<group>";
		};
/* End PBXVariantGroup section */

/* Begin XCBuildConfiguration section */
		55FF4A541B4A954E000959AF /* Debug */ = {
			isa = XCBuildConfiguration;
			buildSettings = {
				ALWAYS_SEARCH_USER_PATHS = NO;
				CLANG_CXX_LANGUAGE_STANDARD = "gnu++0x";
				CLANG_CXX_LIBRARY = "libc++";
				CLANG_ENABLE_MODULES = YES;
				CLANG_ENABLE_OBJC_ARC = YES;
				CLANG_WARN_BOOL_CONVERSION = YES;
				CLANG_WARN_CONSTANT_CONVERSION = YES;
				CLANG_WARN_DIRECT_OBJC_ISA_USAGE = YES_ERROR;
				CLANG_WARN_EMPTY_BODY = YES;
				CLANG_WARN_ENUM_CONVERSION = YES;
				CLANG_WARN_INT_CONVERSION = YES;
				CLANG_WARN_OBJC_ROOT_CLASS = YES_ERROR;
				CLANG_WARN_UNREACHABLE_CODE = YES;
				CLANG_WARN__DUPLICATE_METHOD_MATCH = YES;
				"CODE_SIGN_IDENTITY[sdk=iphoneos*]" = "iPhone Developer";
				COPY_PHASE_STRIP = NO;
				DEBUG_INFORMATION_FORMAT = dwarf;
				ENABLE_STRICT_OBJC_MSGSEND = YES;
				ENABLE_TESTABILITY = YES;
				GCC_C_LANGUAGE_STANDARD = gnu99;
				GCC_DYNAMIC_NO_PIC = NO;
				GCC_NO_COMMON_BLOCKS = YES;
				GCC_OPTIMIZATION_LEVEL = 0;
				GCC_PREPROCESSOR_DEFINITIONS = (
					"DEBUG=1",
					"$(inherited)",
				);
				GCC_WARN_64_TO_32_BIT_CONVERSION = YES;
				GCC_WARN_ABOUT_RETURN_TYPE = YES_ERROR;
				GCC_WARN_UNDECLARED_SELECTOR = YES;
				GCC_WARN_UNINITIALIZED_AUTOS = YES_AGGRESSIVE;
				GCC_WARN_UNUSED_FUNCTION = YES;
				GCC_WARN_UNUSED_VARIABLE = YES;
				IPHONEOS_DEPLOYMENT_TARGET = 9.0;
				MTL_ENABLE_DEBUG_INFO = YES;
				ONLY_ACTIVE_ARCH = YES;
				SDKROOT = iphoneos;
				SWIFT_OPTIMIZATION_LEVEL = "-Onone";
			};
			name = Debug;
		};
		55FF4A551B4A954E000959AF /* Release */ = {
			isa = XCBuildConfiguration;
			buildSettings = {
				ALWAYS_SEARCH_USER_PATHS = NO;
				CLANG_CXX_LANGUAGE_STANDARD = "gnu++0x";
				CLANG_CXX_LIBRARY = "libc++";
				CLANG_ENABLE_MODULES = YES;
				CLANG_ENABLE_OBJC_ARC = YES;
				CLANG_WARN_BOOL_CONVERSION = YES;
				CLANG_WARN_CONSTANT_CONVERSION = YES;
				CLANG_WARN_DIRECT_OBJC_ISA_USAGE = YES_ERROR;
				CLANG_WARN_EMPTY_BODY = YES;
				CLANG_WARN_ENUM_CONVERSION = YES;
				CLANG_WARN_INT_CONVERSION = YES;
				CLANG_WARN_OBJC_ROOT_CLASS = YES_ERROR;
				CLANG_WARN_UNREACHABLE_CODE = YES;
				CLANG_WARN__DUPLICATE_METHOD_MATCH = YES;
				"CODE_SIGN_IDENTITY[sdk=iphoneos*]" = "iPhone Developer";
				COPY_PHASE_STRIP = NO;
				DEBUG_INFORMATION_FORMAT = "dwarf-with-dsym";
				ENABLE_NS_ASSERTIONS = NO;
				ENABLE_STRICT_OBJC_MSGSEND = YES;
				GCC_C_LANGUAGE_STANDARD = gnu99;
				GCC_NO_COMMON_BLOCKS = YES;
				GCC_WARN_64_TO_32_BIT_CONVERSION = YES;
				GCC_WARN_ABOUT_RETURN_TYPE = YES_ERROR;
				GCC_WARN_UNDECLARED_SELECTOR = YES;
				GCC_WARN_UNINITIALIZED_AUTOS = YES_AGGRESSIVE;
				GCC_WARN_UNUSED_FUNCTION = YES;
				GCC_WARN_UNUSED_VARIABLE = YES;
				IPHONEOS_DEPLOYMENT_TARGET = 9.0;
				MTL_ENABLE_DEBUG_INFO = NO;
				SDKROOT = iphoneos;
				VALIDATE_PRODUCT = YES;
			};
			name = Release;
		};
		55FF4A571B4A954E000959AF /* Debug */ = {
			isa = XCBuildConfiguration;
			buildSettings = {
				"CODE_SIGN_IDENTITY[sdk=watchos*]" = "iPhone Developer";
				INFOPLIST_FILE = "Table Times WatchKit Extension/Info.plist";
				LD_RUNPATH_SEARCH_PATHS = "$(inherited) @executable_path/Frameworks @executable_path/../../Frameworks";
				PRODUCT_BUNDLE_IDENTIFIER = "com.followheart.Table-Times.watchkitapp.watchkitextension";
				PRODUCT_NAME = "${TARGET_NAME}";
				SDKROOT = watchos;
				SKIP_INSTALL = YES;
				TARGETED_DEVICE_FAMILY = 4;
				WATCHOS_DEPLOYMENT_TARGET = 2.0;
			};
			name = Debug;
		};
		55FF4A581B4A954E000959AF /* Release */ = {
			isa = XCBuildConfiguration;
			buildSettings = {
				"CODE_SIGN_IDENTITY[sdk=watchos*]" = "iPhone Developer";
				INFOPLIST_FILE = "Table Times WatchKit Extension/Info.plist";
				LD_RUNPATH_SEARCH_PATHS = "$(inherited) @executable_path/Frameworks @executable_path/../../Frameworks";
				PRODUCT_BUNDLE_IDENTIFIER = "com.followheart.Table-Times.watchkitapp.watchkitextension";
				PRODUCT_NAME = "${TARGET_NAME}";
				SDKROOT = watchos;
				SKIP_INSTALL = YES;
				TARGETED_DEVICE_FAMILY = 4;
				WATCHOS_DEPLOYMENT_TARGET = 2.0;
			};
			name = Release;
		};
		55FF4A5B1B4A954E000959AF /* Debug */ = {
			isa = XCBuildConfiguration;
			buildSettings = {
				ASSETCATALOG_COMPILER_APPICON_NAME = AppIcon;
				"CODE_SIGN_IDENTITY[sdk=watchos*]" = "iPhone Developer";
				EMBEDDED_CONTENT_CONTAINS_SWIFT = YES;
				IBSC_MODULE = Table_Times_WatchKit_Extension;
				INFOPLIST_FILE = "Table Times WatchKit App/Info.plist";
				PRODUCT_BUNDLE_IDENTIFIER = "com.followheart.Table-Times.watchkitapp";
				PRODUCT_NAME = "$(TARGET_NAME)";
				SDKROOT = watchos;
				SKIP_INSTALL = YES;
				TARGETED_DEVICE_FAMILY = 4;
				WATCHOS_DEPLOYMENT_TARGET = 2.0;
			};
			name = Debug;
		};
		55FF4A5C1B4A954E000959AF /* Release */ = {
			isa = XCBuildConfiguration;
			buildSettings = {
				ASSETCATALOG_COMPILER_APPICON_NAME = AppIcon;
				"CODE_SIGN_IDENTITY[sdk=watchos*]" = "iPhone Developer";
				EMBEDDED_CONTENT_CONTAINS_SWIFT = YES;
				IBSC_MODULE = Table_Times_WatchKit_Extension;
				INFOPLIST_FILE = "Table Times WatchKit App/Info.plist";
				PRODUCT_BUNDLE_IDENTIFIER = "com.followheart.Table-Times.watchkitapp";
				PRODUCT_NAME = "$(TARGET_NAME)";
				SDKROOT = watchos;
				SKIP_INSTALL = YES;
				TARGETED_DEVICE_FAMILY = 4;
				WATCHOS_DEPLOYMENT_TARGET = 2.0;
			};
			name = Release;
		};
		55FF4A5F1B4A954E000959AF /* Debug */ = {
			isa = XCBuildConfiguration;
			buildSettings = {
				ASSETCATALOG_COMPILER_APPICON_NAME = AppIcon;
				INFOPLIST_FILE = "Table Times/Info.plist";
				LD_RUNPATH_SEARCH_PATHS = "$(inherited) @executable_path/Frameworks";
				PRODUCT_BUNDLE_IDENTIFIER = "com.followheart.Table-Times";
				PRODUCT_NAME = "$(TARGET_NAME)";
			};
			name = Debug;
		};
		55FF4A601B4A954E000959AF /* Release */ = {
			isa = XCBuildConfiguration;
			buildSettings = {
				ASSETCATALOG_COMPILER_APPICON_NAME = AppIcon;
				INFOPLIST_FILE = "Table Times/Info.plist";
				LD_RUNPATH_SEARCH_PATHS = "$(inherited) @executable_path/Frameworks";
				PRODUCT_BUNDLE_IDENTIFIER = "com.followheart.Table-Times";
				PRODUCT_NAME = "$(TARGET_NAME)";
			};
			name = Release;
		};
		55FF4A621B4A954E000959AF /* Debug */ = {
			isa = XCBuildConfiguration;
			buildSettings = {
				BUNDLE_LOADER = "$(TEST_HOST)";
				INFOPLIST_FILE = "Table TimesTests/Info.plist";
				LD_RUNPATH_SEARCH_PATHS = "$(inherited) @executable_path/Frameworks @loader_path/Frameworks";
				PRODUCT_BUNDLE_IDENTIFIER = "com.followheart.Table-TimesTests";
				PRODUCT_NAME = "$(TARGET_NAME)";
				TEST_HOST = "$(BUILT_PRODUCTS_DIR)/Table Times.app/Table Times";
			};
			name = Debug;
		};
		55FF4A631B4A954E000959AF /* Release */ = {
			isa = XCBuildConfiguration;
			buildSettings = {
				BUNDLE_LOADER = "$(TEST_HOST)";
				INFOPLIST_FILE = "Table TimesTests/Info.plist";
				LD_RUNPATH_SEARCH_PATHS = "$(inherited) @executable_path/Frameworks @loader_path/Frameworks";
				PRODUCT_BUNDLE_IDENTIFIER = "com.followheart.Table-TimesTests";
				PRODUCT_NAME = "$(TARGET_NAME)";
				TEST_HOST = "$(BUILT_PRODUCTS_DIR)/Table Times.app/Table Times";
			};
			name = Release;
		};
/* End XCBuildConfiguration section */

/* Begin XCConfigurationList section */
		55FF4A131B4A954D000959AF /* Build configuration list for PBXProject "Table Times" */ = {
			isa = XCConfigurationList;
			buildConfigurations = (
				55FF4A541B4A954E000959AF /* Debug */,
				55FF4A551B4A954E000959AF /* Release */,
			);
			defaultConfigurationIsVisible = 0;
			defaultConfigurationName = Release;
		};
		55FF4A561B4A954E000959AF /* Build configuration list for PBXNativeTarget "Table Times WatchKit Extension" */ = {
			isa = XCConfigurationList;
			buildConfigurations = (
				55FF4A571B4A954E000959AF /* Debug */,
				55FF4A581B4A954E000959AF /* Release */,
			);
			defaultConfigurationIsVisible = 0;
		};
		55FF4A5A1B4A954E000959AF /* Build configuration list for PBXNativeTarget "Table Times WatchKit App" */ = {
			isa = XCConfigurationList;
			buildConfigurations = (
				55FF4A5B1B4A954E000959AF /* Debug */,
				55FF4A5C1B4A954E000959AF /* Release */,
			);
			defaultConfigurationIsVisible = 0;
		};
		55FF4A5E1B4A954E000959AF /* Build configuration list for PBXNativeTarget "Table Times" */ = {
			isa = XCConfigurationList;
			buildConfigurations = (
				55FF4A5F1B4A954E000959AF /* Debug */,
				55FF4A601B4A954E000959AF /* Release */,
			);
			defaultConfigurationIsVisible = 0;
		};
		55FF4A611B4A954E000959AF /* Build configuration list for PBXNativeTarget "Table TimesTests" */ = {
			isa = XCConfigurationList;
			buildConfigurations = (
				55FF4A621B4A954E000959AF /* Debug */,
				55FF4A631B4A954E000959AF /* Release */,
			);
			defaultConfigurationIsVisible = 0;
		};
/* End XCConfigurationList section */
	};
	rootObject = 55FF4A101B4A954D000959AF /* Project object */;
}
